
Microsoft Visual Studio Solution File, Format Version 12.00
# Visual Studio Version 17
VisualStudioVersion = 17.0.31825.309
MinimumVisualStudioVersion = 10.0.40219.1
Project("{FAE04EC0-301F-11D3-BF4B-00C04F79EFBC}") = "ModernUI_FontAw", "ModernUI_FontAw\ModernUI_FontAw.csproj", "{AD2EBF47-2820-48FF-9CE3-F6A13F6BCA69}"
EndProject
Project("{FAE04EC0-301F-11D3-BF4B-00C04F79EFBC}") = "ChoosePC_UI", "ChoosePC_UI\ChoosePC_UI.csproj", "{D061C0C0-98C3-4E2E-85B7-13DE00604464}"
EndProject
Project("{FAE04EC0-301F-11D3-BF4B-00C04F79EFBC}") = "QLQNet", "QLQNet\QLQNet.csproj", "{EF9F21FC-885E-46C5-BD2C-F83AEB6C5A24}"
EndProject
Project("{FAE04EC0-301F-11D3-BF4B-00C04F79EFBC}") = "CreateCSDL", "CreateCSDL\CreateCSDL.csproj", "{6E295396-A31E-4A87-BD38-984D22C26A76}"
EndProject
Global
	GlobalSection(SolutionConfigurationPlatforms) = preSolution
		Debug|Any CPU = Debug|Any CPU
		Release|Any CPU = Release|Any CPU
	EndGlobalSection
	GlobalSection(ProjectConfigurationPlatforms) = postSolution
		{AD2EBF47-2820-48FF-9CE3-F6A13F6BCA69}.Debug|Any CPU.ActiveCfg = Debug|Any CPU
		{AD2EBF47-2820-48FF-9CE3-F6A13F6BCA69}.Debug|Any CPU.Build.0 = Debug|Any CPU
		{AD2EBF47-2820-48FF-9CE3-F6A13F6BCA69}.Release|Any CPU.ActiveCfg = Release|Any CPU
		{AD2EBF47-2820-48FF-9CE3-F6A13F6BCA69}.Release|Any CPU.Build.0 = Release|Any CPU
		{D061C0C0-98C3-4E2E-85B7-13DE00604464}.Debug|Any CPU.ActiveCfg = Debug|Any CPU
		{D061C0C0-98C3-4E2E-85B7-13DE00604464}.Debug|Any CPU.Build.0 = Debug|Any CPU
		{D061C0C0-98C3-4E2E-85B7-13DE00604464}.Release|Any CPU.ActiveCfg = Release|Any CPU
		{D061C0C0-98C3-4E2E-85B7-13DE00604464}.Release|Any CPU.Build.0 = Release|Any CPU
		{EF9F21FC-885E-46C5-BD2C-F83AEB6C5A24}.Debug|Any CPU.ActiveCfg = Debug|Any CPU
		{EF9F21FC-885E-46C5-BD2C-F83AEB6C5A24}.Debug|Any CPU.Build.0 = Debug|Any CPU
		{EF9F21FC-885E-46C5-BD2C-F83AEB6C5A24}.Release|Any CPU.ActiveCfg = Release|Any CPU
		{EF9F21FC-885E-46C5-BD2C-F83AEB6C5A24}.Release|Any CPU.Build.0 = Release|Any CPU
		{6E295396-A31E-4A87-BD38-984D22C26A76}.Debug|Any CPU.ActiveCfg = Debug|Any CPU
		{6E295396-A31E-4A87-BD38-984D22C26A76}.Debug|Any CPU.Build.0 = Debug|Any CPU
		{6E295396-A31E-4A87-BD38-984D22C26A76}.Release|Any CPU.ActiveCfg = Release|Any CPU
		{6E295396-A31E-4A87-BD38-984D22C26A76}.Release|Any CPU.Build.0 = Release|Any CPU
	EndGlobalSection
	GlobalSection(SolutionProperties) = preSolution
		HideSolutionNode = FALSE
	EndGlobalSection
	GlobalSection(ExtensibilityGlobals) = postSolution
		SolutionGuid = {6472F132-D850-472B-A052-AD7FC7D9B271}
	EndGlobalSection
EndGlobal
