
Microsoft Visual Studio Solution File, Format Version 12.00
# Visual Studio Version 16
VisualStudioVersion = 16.0.31702.278
MinimumVisualStudioVersion = 10.0.40219.1
Project("{FAE04EC0-301F-11D3-BF4B-00C04F79EFBC}") = "NetManagement", "NetManagement\NetManagement.csproj", "{552AC9DD-9096-45E8-A4EB-3C4C57EC1D87}"
EndProject
Global
	GlobalSection(SolutionConfigurationPlatforms) = preSolution
		Debug|Any CPU = Debug|Any CPU
		Release|Any CPU = Release|Any CPU
	EndGlobalSection
	GlobalSection(ProjectConfigurationPlatforms) = postSolution
		{552AC9DD-9096-45E8-A4EB-3C4C57EC1D87}.Debug|Any CPU.ActiveCfg = Debug|Any CPU
		{552AC9DD-9096-45E8-A4EB-3C4C57EC1D87}.Debug|Any CPU.Build.0 = Debug|Any CPU
		{552AC9DD-9096-45E8-A4EB-3C4C57EC1D87}.Release|Any CPU.ActiveCfg = Release|Any CPU
		{552AC9DD-9096-45E8-A4EB-3C4C57EC1D87}.Release|Any CPU.Build.0 = Release|Any CPU
	EndGlobalSection
	GlobalSection(SolutionProperties) = preSolution
		HideSolutionNode = FALSE
	EndGlobalSection
	GlobalSection(ExtensibilityGlobals) = postSolution
		SolutionGuid = {C2370AE3-E745-4837-9477-641C40F22154}
	EndGlobalSection
EndGlobal
