
Microsoft Visual Studio Solution File, Format Version 12.00
# Visual Studio Version 16
VisualStudioVersion = 16.0.31702.278
MinimumVisualStudioVersion = 10.0.40219.1
Project("{FAE04EC0-301F-11D3-BF4B-00C04F79EFBC}") = "Employee", "Net_ Management\Employee.csproj", "{5BB407D8-5026-4A1C-8574-03CEDC3205D1}"
EndProject
Project("{FAE04EC0-301F-11D3-BF4B-00C04F79EFBC}") = "Customer", "Customer\Customer.csproj", "{A6F2BB8E-2191-4675-B9B4-52C5EF9B5DD3}"
EndProject
Project("{FAE04EC0-301F-11D3-BF4B-00C04F79EFBC}") = "Admin", "Admin\Admin.csproj", "{A78D6F2B-9637-4437-A684-90B8D4045DE4}"
EndProject
Global
	GlobalSection(SolutionConfigurationPlatforms) = preSolution
		Debug|Any CPU = Debug|Any CPU
		Release|Any CPU = Release|Any CPU
	EndGlobalSection
	GlobalSection(ProjectConfigurationPlatforms) = postSolution
		{5BB407D8-5026-4A1C-8574-03CEDC3205D1}.Debug|Any CPU.ActiveCfg = Debug|Any CPU
		{5BB407D8-5026-4A1C-8574-03CEDC3205D1}.Debug|Any CPU.Build.0 = Debug|Any CPU
		{5BB407D8-5026-4A1C-8574-03CEDC3205D1}.Release|Any CPU.ActiveCfg = Release|Any CPU
		{5BB407D8-5026-4A1C-8574-03CEDC3205D1}.Release|Any CPU.Build.0 = Release|Any CPU
		{A6F2BB8E-2191-4675-B9B4-52C5EF9B5DD3}.Debug|Any CPU.ActiveCfg = Debug|Any CPU
		{A6F2BB8E-2191-4675-B9B4-52C5EF9B5DD3}.Debug|Any CPU.Build.0 = Debug|Any CPU
		{A6F2BB8E-2191-4675-B9B4-52C5EF9B5DD3}.Release|Any CPU.ActiveCfg = Release|Any CPU
		{A6F2BB8E-2191-4675-B9B4-52C5EF9B5DD3}.Release|Any CPU.Build.0 = Release|Any CPU
		{A78D6F2B-9637-4437-A684-90B8D4045DE4}.Debug|Any CPU.ActiveCfg = Debug|Any CPU
		{A78D6F2B-9637-4437-A684-90B8D4045DE4}.Debug|Any CPU.Build.0 = Debug|Any CPU
		{A78D6F2B-9637-4437-A684-90B8D4045DE4}.Release|Any CPU.ActiveCfg = Release|Any CPU
		{A78D6F2B-9637-4437-A684-90B8D4045DE4}.Release|Any CPU.Build.0 = Release|Any CPU
	EndGlobalSection
	GlobalSection(SolutionProperties) = preSolution
		HideSolutionNode = FALSE
	EndGlobalSection
	GlobalSection(ExtensibilityGlobals) = postSolution
		SolutionGuid = {7A711B57-90AC-4F45-8F45-23A07C829690}
	EndGlobalSection
EndGlobal
